
Microsoft Visual Studio Solution File, Format Version 12.00
# Visual Studio 15
VisualStudioVersion = 15.0.27703.2035
MinimumVisualStudioVersion = 10.0.40219.1
Project("{FAE04EC0-301F-11D3-BF4B-00C04F79EFBC}") = "Fiets", "Fiets\Fiets.csproj", "{BD37F7A2-6C99-478D-B50F-F6F195B8E085}"
EndProject
Global
	GlobalSection(SolutionConfigurationPlatforms) = preSolution
		Debug|Any CPU = Debug|Any CPU
		Release|Any CPU = Release|Any CPU
	EndGlobalSection
	GlobalSection(ProjectConfigurationPlatforms) = postSolution
		{BD37F7A2-6C99-478D-B50F-F6F195B8E085}.Debug|Any CPU.ActiveCfg = Debug|Any CPU
		{BD37F7A2-6C99-478D-B50F-F6F195B8E085}.Debug|Any CPU.Build.0 = Debug|Any CPU
		{BD37F7A2-6C99-478D-B50F-F6F195B8E085}.Release|Any CPU.ActiveCfg = Release|Any CPU
		{BD37F7A2-6C99-478D-B50F-F6F195B8E085}.Release|Any CPU.Build.0 = Release|Any CPU
	EndGlobalSection
	GlobalSection(SolutionProperties) = preSolution
		HideSolutionNode = FALSE
	EndGlobalSection
	GlobalSection(ExtensibilityGlobals) = postSolution
		SolutionGuid = {3F7C6F4D-014E-4310-8037-DB2FF6CBFFC5}
	EndGlobalSection
EndGlobal
